// !$*UTF8*$!
{
	archiveVersion = 1;
	classes = {
	};
	objectVersion = 51;
	objects = {

/* Begin PBXBuildFile section */
		384B0FFFD136188DD0F9400B /* Pods_EBAirQuality.framework in Frameworks */ = {isa = PBXBuildFile; fileRef = 65721A0DB5E6482459F7EB5B /* Pods_EBAirQuality.framework */; };
		6E7A706824CF301B009985CC /* LaunchScreen.storyboard in Resources */ = {isa = PBXBuildFile; fileRef = 6E7A706724CF301A009985CC /* LaunchScreen.storyboard */; };
		6E7A706A24CF6662009985CC /* Roboto-Regular.ttf in Resources */ = {isa = PBXBuildFile; fileRef = 6E7A706924CF6662009985CC /* Roboto-Regular.ttf */; };
		6EDA5901248ECF2B00EBE1E9 /* AppDelegate.swift in Sources */ = {isa = PBXBuildFile; fileRef = 6EDA5900248ECF2B00EBE1E9 /* AppDelegate.swift */; };
		6EDA5903248ECF2B00EBE1E9 /* SceneDelegate.swift in Sources */ = {isa = PBXBuildFile; fileRef = 6EDA5902248ECF2B00EBE1E9 /* SceneDelegate.swift */; };
		6EDA5905248ECF2B00EBE1E9 /* ViewController.swift in Sources */ = {isa = PBXBuildFile; fileRef = 6EDA5904248ECF2B00EBE1E9 /* ViewController.swift */; };
		6EDA5908248ECF2B00EBE1E9 /* Main.storyboard in Resources */ = {isa = PBXBuildFile; fileRef = 6EDA5906248ECF2B00EBE1E9 /* Main.storyboard */; };
		6EDA590A248ECF3500EBE1E9 /* Assets.xcassets in Resources */ = {isa = PBXBuildFile; fileRef = 6EDA5909248ECF3500EBE1E9 /* Assets.xcassets */; };
		6EDA5916249075B100EBE1E9 /* WebKit.framework in Frameworks */ = {isa = PBXBuildFile; fileRef = 6EDA5915249075B100EBE1E9 /* WebKit.framework */; };
/* End PBXBuildFile section */

/* Begin PBXFileReference section */
		65721A0DB5E6482459F7EB5B /* Pods_EBAirQuality.framework */ = {isa = PBXFileReference; explicitFileType = wrapper.framework; includeInIndex = 0; path = Pods_EBAirQuality.framework; sourceTree = BUILT_PRODUCTS_DIR; };
		6E7A706724CF301A009985CC /* LaunchScreen.storyboard */ = {isa = PBXFileReference; lastKnownFileType = file.storyboard; path = LaunchScreen.storyboard; sourceTree = SOURCE_ROOT; };
		6E7A706924CF6662009985CC /* Roboto-Regular.ttf */ = {isa = PBXFileReference; lastKnownFileType = file; name = "Roboto-Regular.ttf"; path = "Roboto/Roboto-Regular.ttf"; sourceTree = "<group>"; };
		6EDA58FD248ECF2B00EBE1E9 /* EBAirQuality.app */ = {isa = PBXFileReference; explicitFileType = wrapper.application; includeInIndex = 0; path = EBAirQuality.app; sourceTree = BUILT_PRODUCTS_DIR; };
		6EDA5900248ECF2B00EBE1E9 /* AppDelegate.swift */ = {isa = PBXFileReference; lastKnownFileType = sourcecode.swift; path = AppDelegate.swift; sourceTree = "<group>"; };
		6EDA5902248ECF2B00EBE1E9 /* SceneDelegate.swift */ = {isa = PBXFileReference; lastKnownFileType = sourcecode.swift; path = SceneDelegate.swift; sourceTree = "<group>"; };
		6EDA5904248ECF2B00EBE1E9 /* ViewController.swift */ = {isa = PBXFileReference; lastKnownFileType = sourcecode.swift; path = ViewController.swift; sourceTree = "<group>"; };
		6EDA5907248ECF2B00EBE1E9 /* Base */ = {isa = PBXFileReference; lastKnownFileType = file.storyboard; name = Base; path = Base.lproj/Main.storyboard; sourceTree = "<group>"; };
		6EDA5909248ECF3500EBE1E9 /* Assets.xcassets */ = {isa = PBXFileReference; lastKnownFileType = folder.assetcatalog; path = Assets.xcassets; sourceTree = "<group>"; };
		6EDA590E248ECF3500EBE1E9 /* Info.plist */ = {isa = PBXFileReference; lastKnownFileType = text.plist.xml; path = Info.plist; sourceTree = "<group>"; };
		6EDA5915249075B100EBE1E9 /* WebKit.framework */ = {isa = PBXFileReference; lastKnownFileType = wrapper.framework; name = WebKit.framework; path = System/Library/Frameworks/WebKit.framework; sourceTree = SDKROOT; };
		73D274E3151B51A6AF5163F8 /* Pods-EBAirQuality.release.xcconfig */ = {isa = PBXFileReference; includeInIndex = 1; lastKnownFileType = text.xcconfig; name = "Pods-EBAirQuality.release.xcconfig"; path = "Target Support Files/Pods-EBAirQuality/Pods-EBAirQuality.release.xcconfig"; sourceTree = "<group>"; };
		E7BC6E8B379BED2E987CD6B6 /* Pods-EBAirQuality.debug.xcconfig */ = {isa = PBXFileReference; includeInIndex = 1; lastKnownFileType = text.xcconfig; name = "Pods-EBAirQuality.debug.xcconfig"; path = "Target Support Files/Pods-EBAirQuality/Pods-EBAirQuality.debug.xcconfig"; sourceTree = "<group>"; };
/* End PBXFileReference section */

/* Begin PBXFrameworksBuildPhase section */
		6EDA58FA248ECF2B00EBE1E9 /* Frameworks */ = {
			isa = PBXFrameworksBuildPhase;
			buildActionMask = 2147483647;
			files = (
				6EDA5916249075B100EBE1E9 /* WebKit.framework in Frameworks */,
				384B0FFFD136188DD0F9400B /* Pods_EBAirQuality.framework in Frameworks */,
			);
			runOnlyForDeploymentPostprocessing = 0;
		};
/* End PBXFrameworksBuildPhase section */

/* Begin PBXGroup section */
		6EDA58F4248ECF2B00EBE1E9 = {
			isa = PBXGroup;
			children = (
				6EDA58FF248ECF2B00EBE1E9 /* EBAirQuality */,
				6EDA58FE248ECF2B00EBE1E9 /* Products */,
				6EDA5914249075B000EBE1E9 /* Frameworks */,
				FDDC0135E96AED31F3AFBFB6 /* Pods */,
			);
			sourceTree = "<group>";
		};
		6EDA58FE248ECF2B00EBE1E9 /* Products */ = {
			isa = PBXGroup;
			children = (
				6EDA58FD248ECF2B00EBE1E9 /* EBAirQuality.app */,
			);
			name = Products;
			path = EBAirQuality/Roboto;
			sourceTree = SOURCE_ROOT;
		};
		6EDA58FF248ECF2B00EBE1E9 /* EBAirQuality */ = {
			isa = PBXGroup;
			children = (
				6E7A706724CF301A009985CC /* LaunchScreen.storyboard */,
				6EDA5900248ECF2B00EBE1E9 /* AppDelegate.swift */,
				6EDA5902248ECF2B00EBE1E9 /* SceneDelegate.swift */,
				6EDA5904248ECF2B00EBE1E9 /* ViewController.swift */,
				6EDA5906248ECF2B00EBE1E9 /* Main.storyboard */,
				6EDA5909248ECF3500EBE1E9 /* Assets.xcassets */,
				6EDA590E248ECF3500EBE1E9 /* Info.plist */,
				6E7A706924CF6662009985CC /* Roboto-Regular.ttf */,
			);
			path = EBAirQuality;
			sourceTree = "<group>";
		};
		6EDA5914249075B000EBE1E9 /* Frameworks */ = {
			isa = PBXGroup;
			children = (
				6EDA5915249075B100EBE1E9 /* WebKit.framework */,
				65721A0DB5E6482459F7EB5B /* Pods_EBAirQuality.framework */,
			);
			name = Frameworks;
			sourceTree = "<group>";
		};
		FDDC0135E96AED31F3AFBFB6 /* Pods */ = {
			isa = PBXGroup;
			children = (
				E7BC6E8B379BED2E987CD6B6 /* Pods-EBAirQuality.debug.xcconfig */,
				73D274E3151B51A6AF5163F8 /* Pods-EBAirQuality.release.xcconfig */,
			);
			path = Pods;
			sourceTree = "<group>";
		};
/* End PBXGroup section */

/* Begin PBXNativeTarget section */
		6EDA58FC248ECF2B00EBE1E9 /* EBAirQuality */ = {
			isa = PBXNativeTarget;
			buildConfigurationList = 6EDA5911248ECF3500EBE1E9 /* Build configuration list for PBXNativeTarget "EBAirQuality" */;
			buildPhases = (
				F9A4D0942B6D8E1731176E35 /* [CP] Check Pods Manifest.lock */,
				6EDA58F9248ECF2B00EBE1E9 /* Sources */,
				6EDA58FA248ECF2B00EBE1E9 /* Frameworks */,
				6EDA58FB248ECF2B00EBE1E9 /* Resources */,
				7E0BE9400DE35097217FDE7F /* [CP] Embed Pods Frameworks */,
			);
			buildRules = (
			);
			dependencies = (
			);
			name = EBAirQuality;
			productName = EBAirQuality;
			productReference = 6EDA58FD248ECF2B00EBE1E9 /* EBAirQuality.app */;
			productType = "com.apple.product-type.application";
		};
/* End PBXNativeTarget section */

/* Begin PBXProject section */
		6EDA58F5248ECF2B00EBE1E9 /* Project object */ = {
			isa = PBXProject;
			attributes = {
				LastSwiftUpdateCheck = 1150;
				LastUpgradeCheck = 1150;
				ORGANIZATIONNAME = "Air Partners";
				TargetAttributes = {
					6EDA58FC248ECF2B00EBE1E9 = {
						CreatedOnToolsVersion = 11.5;
					};
				};
			};
			buildConfigurationList = 6EDA58F8248ECF2B00EBE1E9 /* Build configuration list for PBXProject "EBAirQuality" */;
			compatibilityVersion = "Xcode 9.3";
			developmentRegion = en;
			hasScannedForEncodings = 0;
			knownRegions = (
				en,
				Base,
			);
			mainGroup = 6EDA58F4248ECF2B00EBE1E9;
			productRefGroup = 6EDA58FE248ECF2B00EBE1E9 /* Products */;
			projectDirPath = "";
			projectRoot = "";
			targets = (
				6EDA58FC248ECF2B00EBE1E9 /* EBAirQuality */,
			);
		};
/* End PBXProject section */

/* Begin PBXResourcesBuildPhase section */
		6EDA58FB248ECF2B00EBE1E9 /* Resources */ = {
			isa = PBXResourcesBuildPhase;
			buildActionMask = 2147483647;
			files = (
				6EDA590A248ECF3500EBE1E9 /* Assets.xcassets in Resources */,
				6E7A706824CF301B009985CC /* LaunchScreen.storyboard in Resources */,
				6E7A706A24CF6662009985CC /* Roboto-Regular.ttf in Resources */,
				6EDA5908248ECF2B00EBE1E9 /* Main.storyboard in Resources */,
			);
			runOnlyForDeploymentPostprocessing = 0;
		};
/* End PBXResourcesBuildPhase section */

/* Begin PBXShellScriptBuildPhase section */
		7E0BE9400DE35097217FDE7F /* [CP] Embed Pods Frameworks */ = {
			isa = PBXShellScriptBuildPhase;
			buildActionMask = 2147483647;
			files = (
			);
			inputFileListPaths = (
				"${PODS_ROOT}/Target Support Files/Pods-EBAirQuality/Pods-EBAirQuality-frameworks-${CONFIGURATION}-input-files.xcfilelist",
			);
			name = "[CP] Embed Pods Frameworks";
			outputFileListPaths = (
				"${PODS_ROOT}/Target Support Files/Pods-EBAirQuality/Pods-EBAirQuality-frameworks-${CONFIGURATION}-output-files.xcfilelist",
			);
			runOnlyForDeploymentPostprocessing = 0;
			shellPath = /bin/sh;
			shellScript = "\"${PODS_ROOT}/Target Support Files/Pods-EBAirQuality/Pods-EBAirQuality-frameworks.sh\"\n";
			showEnvVarsInLog = 0;
		};
		F9A4D0942B6D8E1731176E35 /* [CP] Check Pods Manifest.lock */ = {
			isa = PBXShellScriptBuildPhase;
			buildActionMask = 2147483647;
			files = (
			);
			inputFileListPaths = (
			);
			inputPaths = (
				"${PODS_PODFILE_DIR_PATH}/Podfile.lock",
				"${PODS_ROOT}/Manifest.lock",
			);
			name = "[CP] Check Pods Manifest.lock";
			outputFileListPaths = (
			);
			outputPaths = (
				"$(DERIVED_FILE_DIR)/Pods-EBAirQuality-checkManifestLockResult.txt",
			);
			runOnlyForDeploymentPostprocessing = 0;
			shellPath = /bin/sh;
			shellScript = "diff \"${PODS_PODFILE_DIR_PATH}/Podfile.lock\" \"${PODS_ROOT}/Manifest.lock\" > /dev/null\nif [ $? != 0 ] ; then\n    # print error to STDERR\n    echo \"error: The sandbox is not in sync with the Podfile.lock. Run 'pod install' or update your CocoaPods installation.\" >&2\n    exit 1\nfi\n# This output is used by Xcode 'outputs' to avoid re-running this script phase.\necho \"SUCCESS\" > \"${SCRIPT_OUTPUT_FILE_0}\"\n";
			showEnvVarsInLog = 0;
		};
/* End PBXShellScriptBuildPhase section */

/* Begin PBXSourcesBuildPhase section */
		6EDA58F9248ECF2B00EBE1E9 /* Sources */ = {
			isa = PBXSourcesBuildPhase;
			buildActionMask = 2147483647;
			files = (
				6EDA5905248ECF2B00EBE1E9 /* ViewController.swift in Sources */,
				6EDA5901248ECF2B00EBE1E9 /* AppDelegate.swift in Sources */,
				6EDA5903248ECF2B00EBE1E9 /* SceneDelegate.swift in Sources */,
			);
			runOnlyForDeploymentPostprocessing = 0;
		};
/* End PBXSourcesBuildPhase section */

/* Begin PBXVariantGroup section */
		6EDA5906248ECF2B00EBE1E9 /* Main.storyboard */ = {
			isa = PBXVariantGroup;
			children = (
				6EDA5907248ECF2B00EBE1E9 /* Base */,
			);
			name = Main.storyboard;
			sourceTree = "<group>";
		};
/* End PBXVariantGroup section */

/* Begin XCBuildConfiguration section */
		6EDA590F248ECF3500EBE1E9 /* Debug */ = {
			isa = XCBuildConfiguration;
			buildSettings = {
				ALWAYS_SEARCH_USER_PATHS = NO;
				CLANG_ANALYZER_NONNULL = YES;
				CLANG_ANALYZER_NUMBER_OBJECT_CONVERSION = YES_AGGRESSIVE;
				CLANG_CXX_LANGUAGE_STANDARD = "gnu++14";
				CLANG_CXX_LIBRARY = "libc++";
				CLANG_ENABLE_MODULES = YES;
				CLANG_ENABLE_OBJC_ARC = YES;
				CLANG_ENABLE_OBJC_WEAK = YES;
				CLANG_WARN_BLOCK_CAPTURE_AUTORELEASING = YES;
				CLANG_WARN_BOOL_CONVERSION = YES;
				CLANG_WARN_COMMA = YES;
				CLANG_WARN_CONSTANT_CONVERSION = YES;
				CLANG_WARN_DEPRECATED_OBJC_IMPLEMENTATIONS = YES;
				CLANG_WARN_DIRECT_OBJC_ISA_USAGE = YES_ERROR;
				CLANG_WARN_DOCUMENTATION_COMMENTS = YES;
				CLANG_WARN_EMPTY_BODY = YES;
				CLANG_WARN_ENUM_CONVERSION = YES;
				CLANG_WARN_INFINITE_RECURSION = YES;
				CLANG_WARN_INT_CONVERSION = YES;
				CLANG_WARN_NON_LITERAL_NULL_CONVERSION = YES;
				CLANG_WARN_OBJC_IMPLICIT_RETAIN_SELF = YES;
				CLANG_WARN_OBJC_LITERAL_CONVERSION = YES;
				CLANG_WARN_OBJC_ROOT_CLASS = YES_ERROR;
				CLANG_WARN_RANGE_LOOP_ANALYSIS = YES;
				CLANG_WARN_STRICT_PROTOTYPES = YES;
				CLANG_WARN_SUSPICIOUS_MOVE = YES;
				CLANG_WARN_UNGUARDED_AVAILABILITY = YES_AGGRESSIVE;
				CLANG_WARN_UNREACHABLE_CODE = YES;
				CLANG_WARN__DUPLICATE_METHOD_MATCH = YES;
				COPY_PHASE_STRIP = NO;
				DEBUG_INFORMATION_FORMAT = dwarf;
				ENABLE_STRICT_OBJC_MSGSEND = YES;
				ENABLE_TESTABILITY = YES;
				GCC_C_LANGUAGE_STANDARD = gnu11;
				GCC_DYNAMIC_NO_PIC = NO;
				GCC_NO_COMMON_BLOCKS = YES;
				GCC_OPTIMIZATION_LEVEL = 0;
				GCC_PREPROCESSOR_DEFINITIONS = (
					"DEBUG=1",
					"$(inherited)",
				);
				GCC_WARN_64_TO_32_BIT_CONVERSION = YES;
				GCC_WARN_ABOUT_RETURN_TYPE = YES_ERROR;
				GCC_WARN_UNDECLARED_SELECTOR = YES;
				GCC_WARN_UNINITIALIZED_AUTOS = YES_AGGRESSIVE;
				GCC_WARN_UNUSED_FUNCTION = YES;
				GCC_WARN_UNUSED_VARIABLE = YES;
				IPHONEOS_DEPLOYMENT_TARGET = 13.5;
				MTL_ENABLE_DEBUG_INFO = INCLUDE_SOURCE;
				MTL_FAST_MATH = YES;
				ONLY_ACTIVE_ARCH = YES;
				SDKROOT = iphoneos;
				SWIFT_ACTIVE_COMPILATION_CONDITIONS = DEBUG;
				SWIFT_OPTIMIZATION_LEVEL = "-Onone";
			};
			name = Debug;
		};
		6EDA5910248ECF3500EBE1E9 /* Release */ = {
			isa = XCBuildConfiguration;
			buildSettings = {
				ALWAYS_SEARCH_USER_PATHS = NO;
				CLANG_ANALYZER_NONNULL = YES;
				CLANG_ANALYZER_NUMBER_OBJECT_CONVERSION = YES_AGGRESSIVE;
				CLANG_CXX_LANGUAGE_STANDARD = "gnu++14";
				CLANG_CXX_LIBRARY = "libc++";
				CLANG_ENABLE_MODULES = YES;
				CLANG_ENABLE_OBJC_ARC = YES;
				CLANG_ENABLE_OBJC_WEAK = YES;
				CLANG_WARN_BLOCK_CAPTURE_AUTORELEASING = YES;
				CLANG_WARN_BOOL_CONVERSION = YES;
				CLANG_WARN_COMMA = YES;
				CLANG_WARN_CONSTANT_CONVERSION = YES;
				CLANG_WARN_DEPRECATED_OBJC_IMPLEMENTATIONS = YES;
				CLANG_WARN_DIRECT_OBJC_ISA_USAGE = YES_ERROR;
				CLANG_WARN_DOCUMENTATION_COMMENTS = YES;
				CLANG_WARN_EMPTY_BODY = YES;
				CLANG_WARN_ENUM_CONVERSION = YES;
				CLANG_WARN_INFINITE_RECURSION = YES;
				CLANG_WARN_INT_CONVERSION = YES;
				CLANG_WARN_NON_LITERAL_NULL_CONVERSION = YES;
				CLANG_WARN_OBJC_IMPLICIT_RETAIN_SELF = YES;
				CLANG_WARN_OBJC_LITERAL_CONVERSION = YES;
				CLANG_WARN_OBJC_ROOT_CLASS = YES_ERROR;
				CLANG_WARN_RANGE_LOOP_ANALYSIS = YES;
				CLANG_WARN_STRICT_PROTOTYPES = YES;
				CLANG_WARN_SUSPICIOUS_MOVE = YES;
				CLANG_WARN_UNGUARDED_AVAILABILITY = YES_AGGRESSIVE;
				CLANG_WARN_UNREACHABLE_CODE = YES;
				CLANG_WARN__DUPLICATE_METHOD_MATCH = YES;
				COPY_PHASE_STRIP = NO;
				DEBUG_INFORMATION_FORMAT = "dwarf-with-dsym";
				ENABLE_NS_ASSERTIONS = NO;
				ENABLE_STRICT_OBJC_MSGSEND = YES;
				GCC_C_LANGUAGE_STANDARD = gnu11;
				GCC_NO_COMMON_BLOCKS = YES;
				GCC_WARN_64_TO_32_BIT_CONVERSION = YES;
				GCC_WARN_ABOUT_RETURN_TYPE = YES_ERROR;
				GCC_WARN_UNDECLARED_SELECTOR = YES;
				GCC_WARN_UNINITIALIZED_AUTOS = YES_AGGRESSIVE;
				GCC_WARN_UNUSED_FUNCTION = YES;
				GCC_WARN_UNUSED_VARIABLE = YES;
				IPHONEOS_DEPLOYMENT_TARGET = 13.5;
				MTL_ENABLE_DEBUG_INFO = NO;
				MTL_FAST_MATH = YES;
				SDKROOT = iphoneos;
				SWIFT_COMPILATION_MODE = wholemodule;
				SWIFT_OPTIMIZATION_LEVEL = "-O";
				VALIDATE_PRODUCT = YES;
			};
			name = Release;
		};
		6EDA5912248ECF3500EBE1E9 /* Debug */ = {
			isa = XCBuildConfiguration;
			baseConfigurationReference = E7BC6E8B379BED2E987CD6B6 /* Pods-EBAirQuality.debug.xcconfig */;
			buildSettings = {
				ASSETCATALOG_COMPILER_APPICON_NAME = AppIcon;
				CODE_SIGN_STYLE = Automatic;
				INFOPLIST_FILE = EBAirQuality/Info.plist;
				LD_RUNPATH_SEARCH_PATHS = (
					"$(inherited)",
					"@executable_path/Frameworks",
				);
				PRODUCT_BUNDLE_IDENTIFIER = com.airpartners.EBAirQuality;
				PRODUCT_NAME = "$(TARGET_NAME)";
				SWIFT_VERSION = 5.0;
				TARGETED_DEVICE_FAMILY = "1,2";
			};
			name = Debug;
		};
		6EDA5913248ECF3500EBE1E9 /* Release */ = {
			isa = XCBuildConfiguration;
			baseConfigurationReference = 73D274E3151B51A6AF5163F8 /* Pods-EBAirQuality.release.xcconfig */;
			buildSettings = {
				ASSETCATALOG_COMPILER_APPICON_NAME = AppIcon;
				CODE_SIGN_STYLE = Automatic;
				INFOPLIST_FILE = EBAirQuality/Info.plist;
				LD_RUNPATH_SEARCH_PATHS = (
					"$(inherited)",
					"@executable_path/Frameworks",
				);
				PRODUCT_BUNDLE_IDENTIFIER = com.airpartners.EBAirQuality;
				PRODUCT_NAME = "$(TARGET_NAME)";
				SWIFT_VERSION = 5.0;
				TARGETED_DEVICE_FAMILY = "1,2";
			};
			name = Release;
		};
/* End XCBuildConfiguration section */

/* Begin XCConfigurationList section */
		6EDA58F8248ECF2B00EBE1E9 /* Build configuration list for PBXProject "EBAirQuality" */ = {
			isa = XCConfigurationList;
			buildConfigurations = (
				6EDA590F248ECF3500EBE1E9 /* Debug */,
				6EDA5910248ECF3500EBE1E9 /* Release */,
			);
			defaultConfigurationIsVisible = 0;
			defaultConfigurationName = Release;
		};
		6EDA5911248ECF3500EBE1E9 /* Build configuration list for PBXNativeTarget "EBAirQuality" */ = {
			isa = XCConfigurationList;
			buildConfigurations = (
				6EDA5912248ECF3500EBE1E9 /* Debug */,
				6EDA5913248ECF3500EBE1E9 /* Release */,
			);
			defaultConfigurationIsVisible = 0;
			defaultConfigurationName = Release;
		};
/* End XCConfigurationList section */
	};
	rootObject = 6EDA58F5248ECF2B00EBE1E9 /* Project object */;
}
